# This file is automatically @generated by Cargo.
# It is not intended for manual editing.
version = 3

[[package]]
name = "distrs"
version = "0.2.2"
source = "registry+https://github.com/rust-lang/crates.io-index"
checksum = "eb3b3318a6ce94bae6f71c71dfbb5c91059ea2afa3c2ac86d8fb9b1f6ea5de83"

[[package]]
name = "options_pricing_rusty"
version = "0.1.0"
dependencies = [
 "distrs",
]
